
Microsoft Visual Studio Solution File, Format Version 12.00
# Visual Studio Version 17
VisualStudioVersion = 17.4.33110.190
MinimumVisualStudioVersion = 10.0.40219.1
Project("{FAE04EC0-301F-11D3-BF4B-00C04F79EFBC}") = "PROJ5", "PROJ5\PROJ5.csproj", "{C9524EF4-E763-4AC1-9BA3-6272DB090C6C}"
EndProject
Global
	GlobalSection(SolutionConfigurationPlatforms) = preSolution
		Debug|Any CPU = Debug|Any CPU
		Release|Any CPU = Release|Any CPU
	EndGlobalSection
	GlobalSection(ProjectConfigurationPlatforms) = postSolution
		{C9524EF4-E763-4AC1-9BA3-6272DB090C6C}.Debug|Any CPU.ActiveCfg = Debug|Any CPU
		{C9524EF4-E763-4AC1-9BA3-6272DB090C6C}.Debug|Any CPU.Build.0 = Debug|Any CPU
		{C9524EF4-E763-4AC1-9BA3-6272DB090C6C}.Release|Any CPU.ActiveCfg = Release|Any CPU
		{C9524EF4-E763-4AC1-9BA3-6272DB090C6C}.Release|Any CPU.Build.0 = Release|Any CPU
	EndGlobalSection
	GlobalSection(SolutionProperties) = preSolution
		HideSolutionNode = FALSE
	EndGlobalSection
	GlobalSection(ExtensibilityGlobals) = postSolution
		SolutionGuid = {ACAD25B8-6CC0-4B9F-9C67-85886678FBF8}
	EndGlobalSection
EndGlobal
